# THIS IS AN AUTOGENERATED FILE. DO NOT EDIT THIS FILE DIRECTLY.
# yarn lockfile v1


"@babel/code-frame@^7.26.2":
  version "7.27.1"
  resolved "https://registry.yarnpkg.com/@babel/code-frame/-/code-frame-7.27.1.tgz#200f715e66d52a23b221a9435534a91cc13ad5be"
  integrity sha512-cjQ7ZlQ0Mv3b47hABuTevyTuYN4i+loJKGeV9flcCgIK37cCXRh+L1bd3iBHlynerhQ7BhCkn2BPbQUL+rGqFg==
  dependencies:
    "@babel/helper-validator-identifier" "^7.27.1"
    js-tokens "^4.0.0"
    picocolors "^1.1.1"

"@babel/helper-validator-identifier@^7.27.1":
  version "7.27.1"
  resolved "https://registry.yarnpkg.com/@babel/helper-validator-identifier/-/helper-validator-identifier-7.27.1.tgz#a7054dcc145a967dd4dc8fee845a57c1316c9df8"
  integrity sha512-D2hP9eA+Sqx1kBZgzxZh0y1trbuU+JoDkiEwqhQ36nodYqJwyEIhPSdMNd7lOm/4io72luTPWH20Yda0xOuUow==

"@jridgewell/sourcemap-codec@^1.5.0":
  version "1.5.0"
  resolved "https://registry.yarnpkg.com/@jridgewell/sourcemap-codec/-/sourcemap-codec-1.5.0.tgz#3188bcb273a414b0d215fd22a58540b989b9409a"
  integrity sha512-gv3ZRaISU3fjPAgNsriBRqGWQL6quFx04YMPW/zD8XMLsU32mhCCbfbO6KZFLjvYpCZ8zyDEgqsgf+PwPaM7GQ==

"@rollup/plugin-commonjs@^28.0.6":
  version "28.0.6"
  resolved "https://registry.yarnpkg.com/@rollup/plugin-commonjs/-/plugin-commonjs-28.0.6.tgz#32425f28832a1831c4388b71541ef229ef34cd4c"
  integrity sha512-XSQB1K7FUU5QP+3lOQmVCE3I0FcbbNvmNT4VJSj93iUjayaARrTQeoRdiYQoftAJBLrR9t2agwAd3ekaTgHNlw==
  dependencies:
    "@rollup/pluginutils" "^5.0.1"
    commondir "^1.0.1"
    estree-walker "^2.0.2"
    fdir "^6.2.0"
    is-reference "1.2.1"
    magic-string "^0.30.3"
    picomatch "^4.0.2"

"@rollup/plugin-json@^6.1.0":
  version "6.1.0"
  resolved "https://registry.yarnpkg.com/@rollup/plugin-json/-/plugin-json-6.1.0.tgz#fbe784e29682e9bb6dee28ea75a1a83702e7b805"
  integrity sha512-EGI2te5ENk1coGeADSIwZ7G2Q8CJS2sF120T7jLw4xFw9n7wIOXHo+kIYRAoVpJAN+kmqZSoO3Fp4JtoNF4ReA==
  dependencies:
    "@rollup/pluginutils" "^5.1.0"

"@rollup/plugin-node-resolve@^16.0.1":
  version "16.0.1"
  resolved "https://registry.yarnpkg.com/@rollup/plugin-node-resolve/-/plugin-node-resolve-16.0.1.tgz#2fc6b54ca3d77e12f3fb45b2a55b50720de4c95d"
  integrity sha512-tk5YCxJWIG81umIvNkSod2qK5KyQW19qcBF/B78n1bjtOON6gzKoVeSzAE8yHCZEDmqkHKkxplExA8KzdJLJpA==
  dependencies:
    "@rollup/pluginutils" "^5.0.1"
    "@types/resolve" "1.20.2"
    deepmerge "^4.2.2"
    is-module "^1.0.0"
    resolve "^1.22.1"

"@rollup/pluginutils@^5.0.1", "@rollup/pluginutils@^5.1.0":
  version "5.2.0"
  resolved "https://registry.yarnpkg.com/@rollup/pluginutils/-/pluginutils-5.2.0.tgz#eac25ca5b0bdda4ba735ddaca5fbf26bd435f602"
  integrity sha512-qWJ2ZTbmumwiLFomfzTyt5Kng4hwPi9rwCYN4SHb6eaRU1KNO4ccxINHr/VhH4GgPlt1XfSTLX2LBTme8ne4Zw==
  dependencies:
    "@types/estree" "^1.0.0"
    estree-walker "^2.0.2"
    picomatch "^4.0.2"

"@rollup/rollup-android-arm-eabi@4.46.2":
  version "4.46.2"
  resolved "https://registry.yarnpkg.com/@rollup/rollup-android-arm-eabi/-/rollup-android-arm-eabi-4.46.2.tgz#292e25953d4988d3bd1af0f5ebbd5ee4d65c90b4"
  integrity sha512-Zj3Hl6sN34xJtMv7Anwb5Gu01yujyE/cLBDB2gnHTAHaWS1Z38L7kuSG+oAh0giZMqG060f/YBStXtMH6FvPMA==

"@rollup/rollup-android-arm64@4.46.2":
  version "4.46.2"
  resolved "https://registry.yarnpkg.com/@rollup/rollup-android-arm64/-/rollup-android-arm64-4.46.2.tgz#053b3def3451e6fc1a9078188f22799e868d7c59"
  integrity sha512-nTeCWY83kN64oQ5MGz3CgtPx8NSOhC5lWtsjTs+8JAJNLcP3QbLCtDDgUKQc/Ro/frpMq4SHUaHN6AMltcEoLQ==

"@rollup/rollup-darwin-arm64@4.46.2":
  version "4.46.2"
  resolved "https://registry.yarnpkg.com/@rollup/rollup-darwin-arm64/-/rollup-darwin-arm64-4.46.2.tgz#98d90445282dec54fd05440305a5e8df79a91ece"
  integrity sha512-HV7bW2Fb/F5KPdM/9bApunQh68YVDU8sO8BvcW9OngQVN3HHHkw99wFupuUJfGR9pYLLAjcAOA6iO+evsbBaPQ==

"@rollup/rollup-darwin-x64@4.46.2":
  version "4.46.2"
  resolved "https://registry.yarnpkg.com/@rollup/rollup-darwin-x64/-/rollup-darwin-x64-4.46.2.tgz#fe05f95a736423af5f9c3a59a70f41ece52a1f20"
  integrity sha512-SSj8TlYV5nJixSsm/y3QXfhspSiLYP11zpfwp6G/YDXctf3Xkdnk4woJIF5VQe0of2OjzTt8EsxnJDCdHd2xMA==

"@rollup/rollup-freebsd-arm64@4.46.2":
  version "4.46.2"
  resolved "https://registry.yarnpkg.com/@rollup/rollup-freebsd-arm64/-/rollup-freebsd-arm64-4.46.2.tgz#41e1fbdc1f8c3dc9afb6bc1d6e3fb3104bd81eee"
  integrity sha512-ZyrsG4TIT9xnOlLsSSi9w/X29tCbK1yegE49RYm3tu3wF1L/B6LVMqnEWyDB26d9Ecx9zrmXCiPmIabVuLmNSg==

"@rollup/rollup-freebsd-x64@4.46.2":
  version "4.46.2"
  resolved "https://registry.yarnpkg.com/@rollup/rollup-freebsd-x64/-/rollup-freebsd-x64-4.46.2.tgz#69131e69cb149d547abb65ef3b38fc746c940e24"
  integrity sha512-pCgHFoOECwVCJ5GFq8+gR8SBKnMO+xe5UEqbemxBpCKYQddRQMgomv1104RnLSg7nNvgKy05sLsY51+OVRyiVw==

"@rollup/rollup-linux-arm-gnueabihf@4.46.2":
  version "4.46.2"
  resolved "https://registry.yarnpkg.com/@rollup/rollup-linux-arm-gnueabihf/-/rollup-linux-arm-gnueabihf-4.46.2.tgz#977ded91c7cf6fc0d9443bb9c0a064e45a805267"
  integrity sha512-EtP8aquZ0xQg0ETFcxUbU71MZlHaw9MChwrQzatiE8U/bvi5uv/oChExXC4mWhjiqK7azGJBqU0tt5H123SzVA==

"@rollup/rollup-linux-arm-musleabihf@4.46.2":
  version "4.46.2"
  resolved "https://registry.yarnpkg.com/@rollup/rollup-linux-arm-musleabihf/-/rollup-linux-arm-musleabihf-4.46.2.tgz#dc034fc3c0f0eb5c75b6bc3eca3b0b97fd35f49a"
  integrity sha512-qO7F7U3u1nfxYRPM8HqFtLd+raev2K137dsV08q/LRKRLEc7RsiDWihUnrINdsWQxPR9jqZ8DIIZ1zJJAm5PjQ==

"@rollup/rollup-linux-arm64-gnu@4.46.2":
  version "4.46.2"
  resolved "https://registry.yarnpkg.com/@rollup/rollup-linux-arm64-gnu/-/rollup-linux-arm64-gnu-4.46.2.tgz#5e92613768d3de3ffcabc965627dd0a59b3e7dfc"
  integrity sha512-3dRaqLfcOXYsfvw5xMrxAk9Lb1f395gkoBYzSFcc/scgRFptRXL9DOaDpMiehf9CO8ZDRJW2z45b6fpU5nwjng==

"@rollup/rollup-linux-arm64-musl@4.46.2":
  version "4.46.2"
  resolved "https://registry.yarnpkg.com/@rollup/rollup-linux-arm64-musl/-/rollup-linux-arm64-musl-4.46.2.tgz#2a44f88e83d28b646591df6e50aa0a5a931833d8"
  integrity sha512-fhHFTutA7SM+IrR6lIfiHskxmpmPTJUXpWIsBXpeEwNgZzZZSg/q4i6FU4J8qOGyJ0TR+wXBwx/L7Ho9z0+uDg==

"@rollup/rollup-linux-loongarch64-gnu@4.46.2":
  version "4.46.2"
  resolved "https://registry.yarnpkg.com/@rollup/rollup-linux-loongarch64-gnu/-/rollup-linux-loongarch64-gnu-4.46.2.tgz#bd5897e92db7fbf7dc456f61d90fff96c4651f2e"
  integrity sha512-i7wfGFXu8x4+FRqPymzjD+Hyav8l95UIZ773j7J7zRYc3Xsxy2wIn4x+llpunexXe6laaO72iEjeeGyUFmjKeA==

"@rollup/rollup-linux-ppc64-gnu@4.46.2":
  version "4.46.2"
  resolved "https://registry.yarnpkg.com/@rollup/rollup-linux-ppc64-gnu/-/rollup-linux-ppc64-gnu-4.46.2.tgz#a7065025411c14ad9ec34cc1cd1414900ec2a303"
  integrity sha512-B/l0dFcHVUnqcGZWKcWBSV2PF01YUt0Rvlurci5P+neqY/yMKchGU8ullZvIv5e8Y1C6wOn+U03mrDylP5q9Yw==

"@rollup/rollup-linux-riscv64-gnu@4.46.2":
  version "4.46.2"
  resolved "https://registry.yarnpkg.com/@rollup/rollup-linux-riscv64-gnu/-/rollup-linux-riscv64-gnu-4.46.2.tgz#17f9c0c675e13ef4567cfaa3730752417257ccc3"
  integrity sha512-32k4ENb5ygtkMwPMucAb8MtV8olkPT03oiTxJbgkJa7lJ7dZMr0GCFJlyvy+K8iq7F/iuOr41ZdUHaOiqyR3iQ==

"@rollup/rollup-linux-riscv64-musl@4.46.2":
  version "4.46.2"
  resolved "https://registry.yarnpkg.com/@rollup/rollup-linux-riscv64-musl/-/rollup-linux-riscv64-musl-4.46.2.tgz#bc6ed3db2cedc1ba9c0a2183620fe2f792c3bf3f"
  integrity sha512-t5B2loThlFEauloaQkZg9gxV05BYeITLvLkWOkRXogP4qHXLkWSbSHKM9S6H1schf/0YGP/qNKtiISlxvfmmZw==

"@rollup/rollup-linux-s390x-gnu@4.46.2":
  version "4.46.2"
  resolved "https://registry.yarnpkg.com/@rollup/rollup-linux-s390x-gnu/-/rollup-linux-s390x-gnu-4.46.2.tgz#440c4f6753274e2928e06d2a25613e5a1cf97b41"
  integrity sha512-YKjekwTEKgbB7n17gmODSmJVUIvj8CX7q5442/CK80L8nqOUbMtf8b01QkG3jOqyr1rotrAnW6B/qiHwfcuWQA==

"@rollup/rollup-linux-x64-gnu@4.46.2":
  version "4.46.2"
  resolved "https://registry.yarnpkg.com/@rollup/rollup-linux-x64-gnu/-/rollup-linux-x64-gnu-4.46.2.tgz#1e936446f90b2574ea4a83b4842a762cc0a0aed3"
  integrity sha512-Jj5a9RUoe5ra+MEyERkDKLwTXVu6s3aACP51nkfnK9wJTraCC8IMe3snOfALkrjTYd2G1ViE1hICj0fZ7ALBPA==

"@rollup/rollup-linux-x64-musl@4.46.2":
  version "4.46.2"
  resolved "https://registry.yarnpkg.com/@rollup/rollup-linux-x64-musl/-/rollup-linux-x64-musl-4.46.2.tgz#c6f304dfba1d5faf2be5d8b153ccbd8b5d6f1166"
  integrity sha512-7kX69DIrBeD7yNp4A5b81izs8BqoZkCIaxQaOpumcJ1S/kmqNFjPhDu1LHeVXv0SexfHQv5cqHsxLOjETuqDuA==

"@rollup/rollup-win32-arm64-msvc@4.46.2":
  version "4.46.2"
  resolved "https://registry.yarnpkg.com/@rollup/rollup-win32-arm64-msvc/-/rollup-win32-arm64-msvc-4.46.2.tgz#b4ad4a79219892aac112ed1c9d1356cad0566ef5"
  integrity sha512-wiJWMIpeaak/jsbaq2HMh/rzZxHVW1rU6coyeNNpMwk5isiPjSTx0a4YLSlYDwBH/WBvLz+EtsNqQScZTLJy3g==

"@rollup/rollup-win32-ia32-msvc@4.46.2":
  version "4.46.2"
  resolved "https://registry.yarnpkg.com/@rollup/rollup-win32-ia32-msvc/-/rollup-win32-ia32-msvc-4.46.2.tgz#b1b22eb2a9568048961e4a6f540438b4a762aa62"
  integrity sha512-gBgaUDESVzMgWZhcyjfs9QFK16D8K6QZpwAaVNJxYDLHWayOta4ZMjGm/vsAEy3hvlS2GosVFlBlP9/Wb85DqQ==

"@rollup/rollup-win32-x64-msvc@4.46.2":
  version "4.46.2"
  resolved "https://registry.yarnpkg.com/@rollup/rollup-win32-x64-msvc/-/rollup-win32-x64-msvc-4.46.2.tgz#87079f137b5fdb75da11508419aa998cc8cc3d8b"
  integrity sha512-CvUo2ixeIQGtF6WvuB87XWqPQkoFAFqW+HUo/WzHwuHDvIwZCtjdWXoYCcr06iKGydiqTclC4jU/TNObC/xKZg==

"@swc/core-darwin-arm64@1.13.3":
  version "1.13.3"
  resolved "https://registry.yarnpkg.com/@swc/core-darwin-arm64/-/core-darwin-arm64-1.13.3.tgz#aaab6af81f255bdc9d3bf1d8d38457236cab1a02"
  integrity sha512-ux0Ws4pSpBTqbDS9GlVP354MekB1DwYlbxXU3VhnDr4GBcCOimpocx62x7cFJkSpEBF8bmX8+/TTCGKh4PbyXw==

"@swc/core-darwin-x64@1.13.3":
  version "1.13.3"
  resolved "https://registry.yarnpkg.com/@swc/core-darwin-x64/-/core-darwin-x64-1.13.3.tgz#2f65063a9ffb169eec810d2d063d93d21b8ec593"
  integrity sha512-p0X6yhxmNUOMZrbeZ3ZNsPige8lSlSe1llllXvpCLkKKxN/k5vZt1sULoq6Nj4eQ7KeHQVm81/+AwKZyf/e0TA==

"@swc/core-linux-arm-gnueabihf@1.13.3":
  version "1.13.3"
  resolved "https://registry.yarnpkg.com/@swc/core-linux-arm-gnueabihf/-/core-linux-arm-gnueabihf-1.13.3.tgz#1e4823f031f8ed8d77b0ea8ed70130cda2da6f1e"
  integrity sha512-OmDoiexL2fVWvQTCtoh0xHMyEkZweQAlh4dRyvl8ugqIPEVARSYtaj55TBMUJIP44mSUOJ5tytjzhn2KFxFcBA==

"@swc/core-linux-arm64-gnu@1.13.3":
  version "1.13.3"
  resolved "https://registry.yarnpkg.com/@swc/core-linux-arm64-gnu/-/core-linux-arm64-gnu-1.13.3.tgz#1a82f884e9a73c5fb80a94ec67ee98e255f93cdd"
  integrity sha512-STfKku3QfnuUj6k3g9ld4vwhtgCGYIFQmsGPPgT9MK/dI3Lwnpe5Gs5t1inoUIoGNP8sIOLlBB4HV4MmBjQuhw==

"@swc/core-linux-arm64-musl@1.13.3":
  version "1.13.3"
  resolved "https://registry.yarnpkg.com/@swc/core-linux-arm64-musl/-/core-linux-arm64-musl-1.13.3.tgz#f556489bec2451b8a3f28239e115a9480421c008"
  integrity sha512-bc+CXYlFc1t8pv9yZJGus372ldzOVscBl7encUBlU1m/Sig0+NDJLz6cXXRcFyl6ABNOApWeR4Yl7iUWx6C8og==

"@swc/core-linux-x64-gnu@1.13.3":
  version "1.13.3"
  resolved "https://registry.yarnpkg.com/@swc/core-linux-x64-gnu/-/core-linux-x64-gnu-1.13.3.tgz#29e78da291a6ac800e807771a40f6a41d18f0ead"
  integrity sha512-dFXoa0TEhohrKcxn/54YKs1iwNeW6tUkHJgXW33H381SvjKFUV53WR231jh1sWVJETjA3vsAwxKwR23s7UCmUA==

"@swc/core-linux-x64-musl@1.13.3":
  version "1.13.3"
  resolved "https://registry.yarnpkg.com/@swc/core-linux-x64-musl/-/core-linux-x64-musl-1.13.3.tgz#5f2b0639f54f89468ad2e464ba6b45ce19adeca2"
  integrity sha512-ieyjisLB+ldexiE/yD8uomaZuZIbTc8tjquYln9Quh5ykOBY7LpJJYBWvWtm1g3pHv6AXlBI8Jay7Fffb6aLfA==

"@swc/core-win32-arm64-msvc@1.13.3":
  version "1.13.3"
  resolved "https://registry.yarnpkg.com/@swc/core-win32-arm64-msvc/-/core-win32-arm64-msvc-1.13.3.tgz#911185c11158b29a8884aea7036115a814a3725a"
  integrity sha512-elTQpnaX5vESSbhCEgcwXjpMsnUbqqHfEpB7ewpkAsLzKEXZaK67ihSRYAuAx6ewRQTo7DS5iTT6X5aQD3MzMw==

"@swc/core-win32-ia32-msvc@1.13.3":
  version "1.13.3"
  resolved "https://registry.yarnpkg.com/@swc/core-win32-ia32-msvc/-/core-win32-ia32-msvc-1.13.3.tgz#279044bfdba0853f1afd138f582952461544e8e8"
  integrity sha512-nvehQVEOdI1BleJpuUgPLrclJ0TzbEMc+MarXDmmiRFwEUGqj+pnfkTSb7RZyS1puU74IXdK/YhTirHurtbI9w==

"@swc/core-win32-x64-msvc@1.13.3":
  version "1.13.3"
  resolved "https://registry.yarnpkg.com/@swc/core-win32-x64-msvc/-/core-win32-x64-msvc-1.13.3.tgz#6069e132be45ac34ecb4d72730db53c60d6a5475"
  integrity sha512-A+JSKGkRbPLVV2Kwx8TaDAV0yXIXm/gc8m98hSkVDGlPBBmydgzNdWy3X7HTUBM7IDk7YlWE7w2+RUGjdgpTmg==

"@swc/core@^1.13.3":
  version "1.13.3"
  resolved "https://registry.yarnpkg.com/@swc/core/-/core-1.13.3.tgz#7a8668d96a28b3431acc3b9652f2d3ff2b6e5531"
  integrity sha512-ZaDETVWnm6FE0fc+c2UE8MHYVS3Fe91o5vkmGfgwGXFbxYvAjKSqxM/j4cRc9T7VZNSJjriXq58XkfCp3Y6f+w==
  dependencies:
    "@swc/counter" "^0.1.3"
    "@swc/types" "^0.1.23"
  optionalDependencies:
    "@swc/core-darwin-arm64" "1.13.3"
    "@swc/core-darwin-x64" "1.13.3"
    "@swc/core-linux-arm-gnueabihf" "1.13.3"
    "@swc/core-linux-arm64-gnu" "1.13.3"
    "@swc/core-linux-arm64-musl" "1.13.3"
    "@swc/core-linux-x64-gnu" "1.13.3"
    "@swc/core-linux-x64-musl" "1.13.3"
    "@swc/core-win32-arm64-msvc" "1.13.3"
    "@swc/core-win32-ia32-msvc" "1.13.3"
    "@swc/core-win32-x64-msvc" "1.13.3"

"@swc/counter@^0.1.3":
  version "0.1.3"
  resolved "https://registry.yarnpkg.com/@swc/counter/-/counter-0.1.3.tgz#cc7463bd02949611c6329596fccd2b0ec782b0e9"
  integrity sha512-e2BR4lsJkkRlKZ/qCHPw9ZaSxc0MVUd7gtbtaB7aMvHeJVYe8sOB8DBZkP2DtISHGSku9sCK6T6cnY0CtXrOCQ==

"@swc/html-darwin-arm64@1.13.3":
  version "1.13.3"
  resolved "https://registry.yarnpkg.com/@swc/html-darwin-arm64/-/html-darwin-arm64-1.13.3.tgz#7d3950a6f2f98586509c5092a899223ecfb56bd8"
  integrity sha512-GYlnVL4Fyjwj1Xgzyhe9DW9fDLGzrDuse947fiWgxleTOFl5gYTwKIIRD5w0UIzEUYRXcKX0PgEzxzSYHDgKwQ==

"@swc/html-darwin-x64@1.13.3":
  version "1.13.3"
  resolved "https://registry.yarnpkg.com/@swc/html-darwin-x64/-/html-darwin-x64-1.13.3.tgz#9e509147c561d9271f5f8e17fc107e74b4792873"
  integrity sha512-stOBPKzTa97Tp5Oa7DieUvdhoCLhyqVFOc/B69gLA1QV2ijJiwC80B6zq++QGNenDOStfqD7vxJEmsRaxBxf4Q==

"@swc/html-linux-arm-gnueabihf@1.13.3":
  version "1.13.3"
  resolved "https://registry.yarnpkg.com/@swc/html-linux-arm-gnueabihf/-/html-linux-arm-gnueabihf-1.13.3.tgz#74aee58c58eb5562dd3e5bb9de7c7b3c44b11ca2"
  integrity sha512-+BITBek2al/mCrLG7+KmjSr7ecwjd1TUVGrMRVVFP6IoxWm55QrATr9dwODXlR3W+xPywldYpwBRv3pzlrIWRw==

"@swc/html-linux-arm64-gnu@1.13.3":
  version "1.13.3"
  resolved "https://registry.yarnpkg.com/@swc/html-linux-arm64-gnu/-/html-linux-arm64-gnu-1.13.3.tgz#9b2e322fd00f9605c5753ac3dfc32aa3ad68da7f"
  integrity sha512-INExpGWlDhIM3MkTmTl64lJMv300EwEUa63uEAmmY0AqDkv+VLn4cpQV2NRsdyLXZ+7PJQ5rU62UwGiyITTgLg==

"@swc/html-linux-arm64-musl@1.13.3":
  version "1.13.3"
  resolved "https://registry.yarnpkg.com/@swc/html-linux-arm64-musl/-/html-linux-arm64-musl-1.13.3.tgz#30ca1ddcc1656b05c1c0c03efc5c7a52dc293c6a"
  integrity sha512-Agj9RSZi2qqji37i6jjlDVShO18a3t8rs9H9ljzDE9tUDdNFYg0qjMgrd4EceplAuZQP+wiSi+3vGLN61GFujg==

"@swc/html-linux-x64-gnu@1.13.3":
  version "1.13.3"
  resolved "https://registry.yarnpkg.com/@swc/html-linux-x64-gnu/-/html-linux-x64-gnu-1.13.3.tgz#4ea59db029f4813ab12d424c204921c9b41b5294"
  integrity sha512-C75f4rFfg1ftOqjDmIu2+x4yP+IGhR6g4+SoARqb7bcXwHqlOQ6B6O9OplvQMLZdgDq/t10vQvz4kjaX0hsDVg==

"@swc/html-linux-x64-musl@1.13.3":
  version "1.13.3"
  resolved "https://registry.yarnpkg.com/@swc/html-linux-x64-musl/-/html-linux-x64-musl-1.13.3.tgz#3105b0cfd7332d03d4e64bb270a1cc999237d71c"
  integrity sha512-Fk5/MNMlgEYto7jprIysYUB9oXC+qPwtxGNp77cab3OTlyIBz3YrgoP6821AngMWZJq5H0RO8XScecrVWCSFxw==

"@swc/html-win32-arm64-msvc@1.13.3":
  version "1.13.3"
  resolved "https://registry.yarnpkg.com/@swc/html-win32-arm64-msvc/-/html-win32-arm64-msvc-1.13.3.tgz#ad7dcdb05d9c3e7ee57027191d66dd6458985e38"
  integrity sha512-PsqfbwqGR61cVXxy86+tCimSKDjGOFBHxe7Mku0rWLz0AOJ9oo+ZJZn00UzbMZMKiEkamCZ9BKsAMGccQ5U+KA==

"@swc/html-win32-ia32-msvc@1.13.3":
  version "1.13.3"
  resolved "https://registry.yarnpkg.com/@swc/html-win32-ia32-msvc/-/html-win32-ia32-msvc-1.13.3.tgz#d7a97e8270e6e0d147cea35758345739ef3a3028"
  integrity sha512-oN/wanFmVnCcI6EOEKOcCwAOcQGUep5g61zh7ieYErbDkpd+hoxNZrRmFsho8iWu4+Fsb5GYhyGv0JYmAQEHWQ==

"@swc/html-win32-x64-msvc@1.13.3":
  version "1.13.3"
  resolved "https://registry.yarnpkg.com/@swc/html-win32-x64-msvc/-/html-win32-x64-msvc-1.13.3.tgz#f036e5496567c05161d55a28e4cb806d60428a6f"
  integrity sha512-tmJ1YFvWemQ9eq6VSAuTfjgVZkUo4LmVUU6Z5Ml+3URHpH0GdXBoyJdgDA9M8vAP0MD5WSB6AGw7khxnjeO/4A==

"@swc/html@^1.13.3":
  version "1.13.3"
  resolved "https://registry.yarnpkg.com/@swc/html/-/html-1.13.3.tgz#ef1447850fa877d8698f1251d42adee9debd4d04"
  integrity sha512-NLIM1vYKSb/bsWN74BtACLqywoWz1r5l+sMZwMDtC26Ap+xMXtU44LiQQMuenTjYZ6SVL6ovQNLVG5UliKRN1g==
  dependencies:
    "@swc/counter" "^0.1.3"
  optionalDependencies:
    "@swc/html-darwin-arm64" "1.13.3"
    "@swc/html-darwin-x64" "1.13.3"
    "@swc/html-linux-arm-gnueabihf" "1.13.3"
    "@swc/html-linux-arm64-gnu" "1.13.3"
    "@swc/html-linux-arm64-musl" "1.13.3"
    "@swc/html-linux-x64-gnu" "1.13.3"
    "@swc/html-linux-x64-musl" "1.13.3"
    "@swc/html-win32-arm64-msvc" "1.13.3"
    "@swc/html-win32-ia32-msvc" "1.13.3"
    "@swc/html-win32-x64-msvc" "1.13.3"

"@swc/types@^0.1.23":
  version "0.1.23"
  resolved "https://registry.yarnpkg.com/@swc/types/-/types-0.1.23.tgz#7eabf88b9cfd929253859c562ae95982ee04b4e8"
  integrity sha512-u1iIVZV9Q0jxY+yM2vw/hZGDNudsN85bBpTqzAQ9rzkxW9D+e3aEM4Han+ow518gSewkXgjmEK0BD79ZcNVgPw==
  dependencies:
    "@swc/counter" "^0.1.3"

"@types/estree@*", "@types/estree@1.0.8", "@types/estree@^1.0.0":
  version "1.0.8"
  resolved "https://registry.yarnpkg.com/@types/estree/-/estree-1.0.8.tgz#958b91c991b1867ced318bedea0e215ee050726e"
  integrity sha512-dWHzHa2WqEXI/O1E9OjrocMTKJl2mSrEolh1Iomrv6U+JuNwaHXsXx9bLu5gG7BUWFIN0skIQJQ/L1rIex4X6w==

"@types/node@^24.1.0":
  version "24.1.0"
  resolved "https://registry.yarnpkg.com/@types/node/-/node-24.1.0.tgz#0993f7dc31ab5cc402d112315b463e383d68a49c"
  integrity sha512-ut5FthK5moxFKH2T1CUOC6ctR67rQRvvHdFLCD2Ql6KXmMuCrjsSsRI9UsLCm9M18BMwClv4pn327UvB7eeO1w==
  dependencies:
    undici-types "~7.8.0"

"@types/picomatch@^4.0.2":
  version "4.0.2"
  resolved "https://registry.yarnpkg.com/@types/picomatch/-/picomatch-4.0.2.tgz#85a232bafed4121527cbf70c0ef461b46b2cc10b"
  integrity sha512-qHHxQ+P9PysNEGbALT8f8YOSHW0KJu6l2xU8DYY0fu/EmGxXdVnuTLvFUvBgPJMSqXq29SYHveejeAha+4AYgA==

"@types/resolve@1.20.2":
  version "1.20.2"
  resolved "https://registry.yarnpkg.com/@types/resolve/-/resolve-1.20.2.tgz#97d26e00cd4a0423b4af620abecf3e6f442b7975"
  integrity sha512-60BCwRFOZCQhDncwQdxxeOEEkbc5dIMccYLwbxsS4TUNeVECQ/pBJ0j09mrHOl/JJvpRPGwO9SvE4nR2Nb/a4Q==

"@types/source-map-support@^0.5.10":
  version "0.5.10"
  resolved "https://registry.yarnpkg.com/@types/source-map-support/-/source-map-support-0.5.10.tgz#824dcef989496bae98e9d04c8dc1ac1d70e1bd39"
  integrity sha512-tgVP2H469x9zq34Z0m/fgPewGhg/MLClalNOiPIzQlXrSS2YrKu/xCdSCKnEDwkFha51VKEKB6A9wW26/ZNwzA==
  dependencies:
    source-map "^0.6.0"

buffer-from@^1.0.0:
  version "1.1.2"
  resolved "https://registry.yarnpkg.com/buffer-from/-/buffer-from-1.1.2.tgz#2b146a6fd72e80b4f55d255f35ed59a3a9a41bd5"
  integrity sha512-E+XQCRwSbaaiChtv6k6Dwgc+bx+Bs6vuKJHHl5kox/BaKbhiXzqQOwK4cO22yElGp2OCmjwVhT3HmxgyPGnJfQ==

cac@^6.7.14:
  version "6.7.14"
  resolved "https://registry.yarnpkg.com/cac/-/cac-6.7.14.tgz#804e1e6f506ee363cb0e3ccbb09cad5dd9870959"
  integrity sha512-b6Ilus+c3RrdDk+JhLKUAQfzzgLEPy6wcXqS7f/xe1EETvsDP6GORG7SFuOs6cID5YkqchW/LXZbX5bc8j7ZcQ==

commondir@^1.0.1:
  version "1.0.1"
  resolved "https://registry.yarnpkg.com/commondir/-/commondir-1.0.1.tgz#ddd800da0c66127393cca5950ea968a3aaf1253b"
  integrity sha512-W9pAhw0ja1Edb5GVdIF1mjZw/ASI0AlShXM83UUGe2DVr5TdAPEA1OA8m/g8zWp9x6On7gqufY+FatDbC3MDQg==

deepmerge@^4.2.2:
  version "4.3.1"
  resolved "https://registry.yarnpkg.com/deepmerge/-/deepmerge-4.3.1.tgz#44b5f2147cd3b00d4b56137685966f26fd25dd4a"
  integrity sha512-3sUqbMEc77XqpdNO7FRyRog+eW3ph+GYCbj+rK+uYyRMuwsVy0rMiVtPn+QJlKFvWP/1PYpapqYn0Me2knFn+A==

dotenv@^17.2.1:
  version "17.2.1"
  resolved "https://registry.yarnpkg.com/dotenv/-/dotenv-17.2.1.tgz#6f32e10faf014883515538dc922a0fb8765d9b32"
  integrity sha512-kQhDYKZecqnM0fCnzI5eIv5L4cAe/iRI+HqMbO/hbRdTAeXDG+M9FjipUxNfbARuEg4iHIbhnhs78BCHNbSxEQ==

estree-walker@^2.0.2:
  version "2.0.2"
  resolved "https://registry.yarnpkg.com/estree-walker/-/estree-walker-2.0.2.tgz#52f010178c2a4c117a7757cfe942adb7d2da4cac"
  integrity sha512-Rfkk/Mp/DL7JVje3u18FxFujQlTNR2q6QfMSMB7AvCBx91NGj/ba3kCfza0f6dVDbw7YlRf/nDrn7pQrCCyQ/w==

fdir@^6.2.0:
  version "6.4.6"
  resolved "https://registry.yarnpkg.com/fdir/-/fdir-6.4.6.tgz#2b268c0232697063111bbf3f64810a2a741ba281"
  integrity sha512-hiFoqpyZcfNm1yc4u8oWCf9A2c4D3QjCrks3zmoVKVxpQRzmPNar1hUJcBG2RQHvEVGDN+Jm81ZheVLAQMK6+w==

fsevents@~2.3.2:
  version "2.3.3"
  resolved "https://registry.yarnpkg.com/fsevents/-/fsevents-2.3.3.tgz#cac6407785d03675a2a5e1a5305c697b347d90d6"
  integrity sha512-5xoDfX+fL7faATnagmWPpbFtwh/R77WmMMqqHGS65C3vvB0YHrgF+B1YmZ3441tMj5n63k0212XNoJwzlhffQw==

function-bind@^1.1.2:
  version "1.1.2"
  resolved "https://registry.yarnpkg.com/function-bind/-/function-bind-1.1.2.tgz#2c02d864d97f3ea6c8830c464cbd11ab6eab7a1c"
  integrity sha512-7XHNxH7qX9xG5mIwxkhumTox/MIRNcOgDrxWsMt2pAr23WHp6MrRlN7FBSFpCpr+oVO0F744iUgR82nJMfG2SA==

hasown@^2.0.2:
  version "2.0.2"
  resolved "https://registry.yarnpkg.com/hasown/-/hasown-2.0.2.tgz#003eaf91be7adc372e84ec59dc37252cedb80003"
  integrity sha512-0hJU9SCPvmMzIBdZFqNPXWa6dqh7WdH0cII9y+CyS8rG3nL48Bclra9HmKhVVUHyPWNH5Y7xDwAB7bfgSjkUMQ==
  dependencies:
    function-bind "^1.1.2"

is-core-module@^2.16.0:
  version "2.16.1"
  resolved "https://registry.yarnpkg.com/is-core-module/-/is-core-module-2.16.1.tgz#2a98801a849f43e2add644fbb6bc6229b19a4ef4"
  integrity sha512-UfoeMA6fIJ8wTYFEUjelnaGI67v6+N7qXJEvQuIGa99l4xsCruSYOVSQ0uPANn4dAzm8lkYPaKLrrijLq7x23w==
  dependencies:
    hasown "^2.0.2"

is-module@^1.0.0:
  version "1.0.0"
  resolved "https://registry.yarnpkg.com/is-module/-/is-module-1.0.0.tgz#3258fb69f78c14d5b815d664336b4cffb6441591"
  integrity sha512-51ypPSPCoTEIN9dy5Oy+h4pShgJmPCygKfyRCISBI+JoWT/2oJvK8QPxmwv7b/p239jXrm9M1mlQbyKJ5A152g==

is-reference@1.2.1:
  version "1.2.1"
  resolved "https://registry.yarnpkg.com/is-reference/-/is-reference-1.2.1.tgz#8b2dac0b371f4bc994fdeaba9eb542d03002d0b7"
  integrity sha512-U82MsXXiFIrjCK4otLT+o2NA2Cd2g5MLoOVXUZjIOhLurrRxpEXzI8O0KZHr3IjLvlAH1kTPYSuqer5T9ZVBKQ==
  dependencies:
    "@types/estree" "*"

js-tokens@^4.0.0:
  version "4.0.0"
  resolved "https://registry.yarnpkg.com/js-tokens/-/js-tokens-4.0.0.tgz#19203fb59991df98e3a287050d4647cdeaf32499"
  integrity sha512-RdJUflcE3cUzKiMqQgsCu06FPu9UdIJO0beYbPhHN4k6apgJtifcoCtT9bcxOpYBtpD2kCM6Sbzg4CausW/PKQ==

magic-string@^0.30.17, magic-string@^0.30.3:
  version "0.30.17"
  resolved "https://registry.yarnpkg.com/magic-string/-/magic-string-0.30.17.tgz#450a449673d2460e5bbcfba9a61916a1714c7453"
  integrity sha512-sNPKHvyjVf7gyjwS4xGTaW/mCnF8wnjtifKBEhxfZ7E/S8tQ0rssrwGNn6q8JH/ohItJfSQp9mBtQYuTlH5QnA==
  dependencies:
    "@jridgewell/sourcemap-codec" "^1.5.0"

minify-template-literals@^0.9.0:
  version "0.9.0"
  resolved "https://registry.yarnpkg.com/minify-template-literals/-/minify-template-literals-0.9.0.tgz#6fa56779e0a5a2455597adbdfa3e93956e390fe5"
  integrity sha512-FLr9rqJNQNcgzj0FOXrWnFMRaEdDeq0JJTM1naf+ik2HeOZRZVstSsANVY2EIcGKjPHK2pHcXW3dz3uwPmTiww==
  dependencies:
    "@swc/html" "^1.13.3"

path-parse@^1.0.7:
  version "1.0.7"
  resolved "https://registry.yarnpkg.com/path-parse/-/path-parse-1.0.7.tgz#fbc114b60ca42b30d9daf5858e4bd68bbedb6735"
  integrity sha512-LDJzPVEEEPR+y48z93A0Ed0yXb8pAByGWo/k5YYdYgpY2/2EsOsksJrq7lOHxryrVOn1ejG6oAp8ahvOIQD8sw==

picocolors@^1.1.1:
  version "1.1.1"
  resolved "https://registry.yarnpkg.com/picocolors/-/picocolors-1.1.1.tgz#3d321af3eab939b083c8f929a1d12cda81c26b6b"
  integrity sha512-xceH2snhtb5M9liqDsmEw56le376mTZkEX/jEb/RxNFyegNul7eNslCXP9FDj/Lcu0X8KEyMceP2ntpaHrDEVA==

picomatch@^4.0.2:
  version "4.0.2"
  resolved "https://registry.yarnpkg.com/picomatch/-/picomatch-4.0.2.tgz#77c742931e8f3b8820946c76cd0c1f13730d1dab"
  integrity sha512-M7BAV6Rlcy5u+m6oPhAPFgJTzAioX/6B0DxyvDlo9l8+T3nLKbrczg2WLUyzd45L8RqfUMyGPzekbMvX2Ldkwg==

picomatch@^4.0.3:
  version "4.0.3"
  resolved "https://registry.yarnpkg.com/picomatch/-/picomatch-4.0.3.tgz#796c76136d1eead715db1e7bad785dedd695a042"
  integrity sha512-5gTmgEY/sqK6gFXLIsQNH19lWb4ebPDLA4SdLP7dsWkIXHWlG66oPuVvXSGFPppYZz8ZDZq0dYYrbHfBCVUb1Q==

pirates@^4.0.7:
  version "4.0.7"
  resolved "https://registry.yarnpkg.com/pirates/-/pirates-4.0.7.tgz#643b4a18c4257c8a65104b73f3049ce9a0a15e22"
  integrity sha512-TfySrs/5nm8fQJDcBDuUng3VOUKsd7S+zqvbOTiGXHfxX4wK31ard+hoNuvkicM/2YFzlpDgABOevKSsB4G/FA==

resolve@^1.22.1:
  version "1.22.10"
  resolved "https://registry.yarnpkg.com/resolve/-/resolve-1.22.10.tgz#b663e83ffb09bbf2386944736baae803029b8b39"
  integrity sha512-NPRy+/ncIMeDlTAsuqwKIiferiawhefFJtkNSW0qZJEqMEb+qBt/77B/jGeeek+F0uOeN05CDa6HXbbIgtVX4w==
  dependencies:
    is-core-module "^2.16.0"
    path-parse "^1.0.7"
    supports-preserve-symlinks-flag "^1.0.0"

rollup-plugin-dts@^6.2.1:
  version "6.2.1"
  resolved "https://registry.yarnpkg.com/rollup-plugin-dts/-/rollup-plugin-dts-6.2.1.tgz#120a40734f740115da44931d7915a370fe420701"
  integrity sha512-sR3CxYUl7i2CHa0O7bA45mCrgADyAQ0tVtGSqi3yvH28M+eg1+g5d7kQ9hLvEz5dorK3XVsH5L2jwHLQf72DzA==
  dependencies:
    magic-string "^0.30.17"
  optionalDependencies:
    "@babel/code-frame" "^7.26.2"

rollup-plugin-tsconfig-paths@^1.5.2:
  version "1.5.2"
  resolved "https://registry.yarnpkg.com/rollup-plugin-tsconfig-paths/-/rollup-plugin-tsconfig-paths-1.5.2.tgz#753bf970b14594b9ea1e93f3237eda380635f5b5"
  integrity sha512-tyS7u2Md0eXKwbDfTuDDa1izciwqhOZsHzX7zYc5gKC1L7q5ozdSt+q1jjtD1dDqWyjrt8lZoiLtOQGhMHh1OQ==
  dependencies:
    typescript-paths "^1.5.1"

rollup@^4.46.2:
  version "4.46.2"
  resolved "https://registry.yarnpkg.com/rollup/-/rollup-4.46.2.tgz#09b1a45d811e26d09bed63dc3ecfb6831c16ce32"
  integrity sha512-WMmLFI+Boh6xbop+OAGo9cQ3OgX9MIg7xOQjn+pTCwOkk+FNDAeAemXkJ3HzDJrVXleLOFVa1ipuc1AmEx1Dwg==
  dependencies:
    "@types/estree" "1.0.8"
  optionalDependencies:
    "@rollup/rollup-android-arm-eabi" "4.46.2"
    "@rollup/rollup-android-arm64" "4.46.2"
    "@rollup/rollup-darwin-arm64" "4.46.2"
    "@rollup/rollup-darwin-x64" "4.46.2"
    "@rollup/rollup-freebsd-arm64" "4.46.2"
    "@rollup/rollup-freebsd-x64" "4.46.2"
    "@rollup/rollup-linux-arm-gnueabihf" "4.46.2"
    "@rollup/rollup-linux-arm-musleabihf" "4.46.2"
    "@rollup/rollup-linux-arm64-gnu" "4.46.2"
    "@rollup/rollup-linux-arm64-musl" "4.46.2"
    "@rollup/rollup-linux-loongarch64-gnu" "4.46.2"
    "@rollup/rollup-linux-ppc64-gnu" "4.46.2"
    "@rollup/rollup-linux-riscv64-gnu" "4.46.2"
    "@rollup/rollup-linux-riscv64-musl" "4.46.2"
    "@rollup/rollup-linux-s390x-gnu" "4.46.2"
    "@rollup/rollup-linux-x64-gnu" "4.46.2"
    "@rollup/rollup-linux-x64-musl" "4.46.2"
    "@rollup/rollup-win32-arm64-msvc" "4.46.2"
    "@rollup/rollup-win32-ia32-msvc" "4.46.2"
    "@rollup/rollup-win32-x64-msvc" "4.46.2"
    fsevents "~2.3.2"

source-map-support@^0.5.21:
  version "0.5.21"
  resolved "https://registry.yarnpkg.com/source-map-support/-/source-map-support-0.5.21.tgz#04fe7c7f9e1ed2d662233c28cb2b35b9f63f6e4f"
  integrity sha512-uBHU3L3czsIyYXKX88fdrGovxdSCoTGDRZ6SYXtSRxLZUzHg5P/66Ht6uoUlHu9EZod+inXhKo3qQgwXUT/y1w==
  dependencies:
    buffer-from "^1.0.0"
    source-map "^0.6.0"

source-map@^0.6.0:
  version "0.6.1"
  resolved "https://registry.yarnpkg.com/source-map/-/source-map-0.6.1.tgz#74722af32e9614e9c287a8d0bbde48b5e2f1a263"
  integrity sha512-UjgapumWlbMhkBgzT7Ykc5YXUT46F0iKu8SGXq0bcwP5dz/h0Plj6enJqjz1Zbq2l5WaqYnrVbwWOWMyF3F47g==

supports-preserve-symlinks-flag@^1.0.0:
  version "1.0.0"
  resolved "https://registry.yarnpkg.com/supports-preserve-symlinks-flag/-/supports-preserve-symlinks-flag-1.0.0.tgz#6eda4bd344a3c94aea376d4cc31bc77311039e09"
  integrity sha512-ot0WnXS9fgdkgIcePe6RHNk1WA8+muPa6cSjeR3V8K27q9BB1rTE3R1p7Hv0z1ZyAc8s6Vvv8DIyWf681MAt0w==

types-package-json@^2.0.39:
  version "2.0.39"
  resolved "https://registry.yarnpkg.com/types-package-json/-/types-package-json-2.0.39.tgz#940466c69674a42c2453c54a8d5735a2ffb31d47"
  integrity sha512-c8ua5W1Uu6x7LAwtwSGCl46cHmj+r2eAA+lXR1CluIZotu9V03ZHcGB9wKRZE2oIAX5IzMP/rxDV9g9ikCg9Nw==

typescript-paths@^1.5.1:
  version "1.5.1"
  resolved "https://registry.yarnpkg.com/typescript-paths/-/typescript-paths-1.5.1.tgz#975cf5883915b24f9287315a8fa70b3b3451e32e"
  integrity sha512-lYErSLCON2MSplVV5V/LBgD4UNjMgY3guATdFCZY2q1Nr6OZEu4q6zX/rYMsG1TaWqqQSszg6C9EU7AGWMDrIw==

typescript@^5.8.3:
  version "5.8.3"
  resolved "https://registry.yarnpkg.com/typescript/-/typescript-5.8.3.tgz#92f8a3e5e3cf497356f4178c34cd65a7f5e8440e"
  integrity sha512-p1diW6TqL9L07nNxvRMM7hMMw4c5XOo/1ibL4aAIGmSAt9slTE1Xgw5KWuof2uTOvCg9BY7ZRi+GaF+7sfgPeQ==

undici-types@~7.8.0:
  version "7.8.0"
  resolved "https://registry.yarnpkg.com/undici-types/-/undici-types-7.8.0.tgz#de00b85b710c54122e44fbfd911f8d70174cd294"
  integrity sha512-9UJ2xGDvQ43tYyVMpuHlsgApydB8ZKfVYTsLDhXkFL/6gfkp+U8xTGdh8pMJv1SpZna0zxG1DwsKZsreLbXBxw==
