# THIS IS AN AUTOGENERATED FILE. DO NOT EDIT THIS FILE DIRECTLY.
# yarn lockfile v1


"@babel/code-frame@^7.22.13":
  version "7.22.13"
  resolved "https://registry.yarnpkg.com/@babel/code-frame/-/code-frame-7.22.13.tgz#e3c1c099402598483b7a8c46a721d1038803755e"
  integrity sha512-XktuhWlJ5g+3TJXc5upd9Ks1HutSArik6jf2eAjYFyIOf4ej3RN+184cZbzDvbPnuTJIUhPKKJE3cIsYTiAT3w==
  dependencies:
    "@babel/highlight" "^7.22.13"
    chalk "^2.4.2"

"@babel/helper-validator-identifier@^7.22.20":
  version "7.22.20"
  resolved "https://registry.yarnpkg.com/@babel/helper-validator-identifier/-/helper-validator-identifier-7.22.20.tgz#c4ae002c61d2879e724581d96665583dbc1dc0e0"
  integrity sha512-Y4OZ+ytlatR8AI+8KZfKuL5urKp7qey08ha31L8b3BwewJAoJamTzyvxPR/5D+KkdJCGPq/+8TukHBlY10FX9A==

"@babel/highlight@^7.22.13":
  version "7.22.20"
  resolved "https://registry.yarnpkg.com/@babel/highlight/-/highlight-7.22.20.tgz#4ca92b71d80554b01427815e06f2df965b9c1f54"
  integrity sha512-dkdMCN3py0+ksCgYmGG8jKeGA/8Tk+gJwSYYlFGxG5lmhfKNoAy004YpLxpS1W2J8m/EK2Ew+yOs9pVRwO89mg==
  dependencies:
    "@babel/helper-validator-identifier" "^7.22.20"
    chalk "^2.4.2"
    js-tokens "^4.0.0"

"@jridgewell/sourcemap-codec@^1.4.15":
  version "1.4.15"
  resolved "https://registry.yarnpkg.com/@jridgewell/sourcemap-codec/-/sourcemap-codec-1.4.15.tgz#d7c6e6755c78567a951e04ab52ef0fd26de59f32"
  integrity sha512-eF2rxCRulEKXHTRiDrDy6erMYWqNw4LPdQ8UQA4huuxaQsVeRPFl2oM8oDGxMFhJUWZf9McpLtJasDDZb/Bpeg==

"@rollup/plugin-commonjs@^25.0.7":
  version "25.0.7"
  resolved "https://registry.yarnpkg.com/@rollup/plugin-commonjs/-/plugin-commonjs-25.0.7.tgz#145cec7589ad952171aeb6a585bbeabd0fd3b4cf"
  integrity sha512-nEvcR+LRjEjsaSsc4x3XZfCCvZIaSMenZu/OiwOKGN2UhQpAYI7ru7czFvyWbErlpoGjnSX3D5Ch5FcMA3kRWQ==
  dependencies:
    "@rollup/pluginutils" "^5.0.1"
    commondir "^1.0.1"
    estree-walker "^2.0.2"
    glob "^8.0.3"
    is-reference "1.2.1"
    magic-string "^0.30.3"

"@rollup/plugin-json@^6.0.1":
  version "6.0.1"
  resolved "https://registry.yarnpkg.com/@rollup/plugin-json/-/plugin-json-6.0.1.tgz#7e2efcf5ed549963f1444e010611d22f463931c0"
  integrity sha512-RgVfl5hWMkxN1h/uZj8FVESvPuBJ/uf6ly6GTj0GONnkfoBN5KC0MSz+PN2OLDgYXMhtG0mWpTrkiOjoxAIevw==
  dependencies:
    "@rollup/pluginutils" "^5.0.1"

"@rollup/plugin-node-resolve@^15.2.3":
  version "15.2.3"
  resolved "https://registry.yarnpkg.com/@rollup/plugin-node-resolve/-/plugin-node-resolve-15.2.3.tgz#e5e0b059bd85ca57489492f295ce88c2d4b0daf9"
  integrity sha512-j/lym8nf5E21LwBT4Df1VD6hRO2L2iwUeUmP7litikRsVp1H6NWx20NEp0Y7su+7XGc476GnXXc4kFeZNGmaSQ==
  dependencies:
    "@rollup/pluginutils" "^5.0.1"
    "@types/resolve" "1.20.2"
    deepmerge "^4.2.2"
    is-builtin-module "^3.2.1"
    is-module "^1.0.0"
    resolve "^1.22.1"

"@rollup/pluginutils@^5.0.1":
  version "5.0.5"
  resolved "https://registry.yarnpkg.com/@rollup/pluginutils/-/pluginutils-5.0.5.tgz#bbb4c175e19ebfeeb8c132c2eea0ecb89941a66c"
  integrity sha512-6aEYR910NyP73oHiJglti74iRyOwgFU4x3meH/H8OJx6Ry0j6cOVZ5X/wTvub7G7Ao6qaHBEaNsV3GLJkSsF+Q==
  dependencies:
    "@types/estree" "^1.0.0"
    estree-walker "^2.0.2"
    picomatch "^2.3.1"

"@rollup/rollup-android-arm-eabi@4.1.4":
  version "4.1.4"
  resolved "https://registry.yarnpkg.com/@rollup/rollup-android-arm-eabi/-/rollup-android-arm-eabi-4.1.4.tgz#e9bc2540174972b559ded126e6f9bf12f36c1bb1"
  integrity sha512-WlzkuFvpKl6CLFdc3V6ESPt7gq5Vrimd2Yv9IzKXdOpgbH4cdDSS1JLiACX8toygihtH5OlxyQzhXOph7Ovlpw==

"@rollup/rollup-android-arm64@4.1.4":
  version "4.1.4"
  resolved "https://registry.yarnpkg.com/@rollup/rollup-android-arm64/-/rollup-android-arm64-4.1.4.tgz#50c4e7668cb00a63d9a6810d0a607496ad4f0d09"
  integrity sha512-D1e+ABe56T9Pq2fD+R3ybe1ylCDzu3tY4Qm2Mj24R9wXNCq35+JbFbOpc2yrroO2/tGhTobmEl2Bm5xfE/n8RA==

"@rollup/rollup-darwin-arm64@4.1.4":
  version "4.1.4"
  resolved "https://registry.yarnpkg.com/@rollup/rollup-darwin-arm64/-/rollup-darwin-arm64-4.1.4.tgz#96b8ad0c21582fe8223c66ed4b39b30ff592da1c"
  integrity sha512-7vTYrgEiOrjxnjsgdPB+4i7EMxbVp7XXtS+50GJYj695xYTTEMn3HZVEvgtwjOUkAP/Q4HDejm4fIAjLeAfhtg==

"@rollup/rollup-darwin-x64@4.1.4":
  version "4.1.4"
  resolved "https://registry.yarnpkg.com/@rollup/rollup-darwin-x64/-/rollup-darwin-x64-4.1.4.tgz#5f0f6bd8f0a29e4b2b32ab831e953a6ca2d8f45b"
  integrity sha512-eGJVZScKSLZkYjhTAESCtbyTBq9SXeW9+TX36ki5gVhDqJtnQ5k0f9F44jNK5RhAMgIj0Ht9+n6HAgH0gUUyWQ==

"@rollup/rollup-linux-arm-gnueabihf@4.1.4":
  version "4.1.4"
  resolved "https://registry.yarnpkg.com/@rollup/rollup-linux-arm-gnueabihf/-/rollup-linux-arm-gnueabihf-4.1.4.tgz#52d706c87a05f91ff6f14f444685b662d3a6f96a"
  integrity sha512-HnigYSEg2hOdX1meROecbk++z1nVJDpEofw9V2oWKqOWzTJlJf1UXVbDE6Hg30CapJxZu5ga4fdAQc/gODDkKg==

"@rollup/rollup-linux-arm64-gnu@4.1.4":
  version "4.1.4"
  resolved "https://registry.yarnpkg.com/@rollup/rollup-linux-arm64-gnu/-/rollup-linux-arm64-gnu-4.1.4.tgz#5afa269b26467a7929c23816e3e2cf417b973d3b"
  integrity sha512-TzJ+N2EoTLWkaClV2CUhBlj6ljXofaYzF/R9HXqQ3JCMnCHQZmQnbnZllw7yTDp0OG5whP4gIPozR4QiX+00MQ==

"@rollup/rollup-linux-arm64-musl@4.1.4":
  version "4.1.4"
  resolved "https://registry.yarnpkg.com/@rollup/rollup-linux-arm64-musl/-/rollup-linux-arm64-musl-4.1.4.tgz#08d30969483a804769deb6e674fe963c21815ad9"
  integrity sha512-aVPmNMdp6Dlo2tWkAduAD/5TL/NT5uor290YvjvFvCv0Q3L7tVdlD8MOGDL+oRSw5XKXKAsDzHhUOPUNPRHVTQ==

"@rollup/rollup-linux-x64-gnu@4.1.4":
  version "4.1.4"
  resolved "https://registry.yarnpkg.com/@rollup/rollup-linux-x64-gnu/-/rollup-linux-x64-gnu-4.1.4.tgz#e5000b4e6e2a81364083d64a608b915f4e92a9c1"
  integrity sha512-77Fb79ayiDad0grvVsz4/OB55wJRyw9Ao+GdOBA9XywtHpuq5iRbVyHToGxWquYWlEf6WHFQQnFEttsAzboyKg==

"@rollup/rollup-linux-x64-musl@4.1.4":
  version "4.1.4"
  resolved "https://registry.yarnpkg.com/@rollup/rollup-linux-x64-musl/-/rollup-linux-x64-musl-4.1.4.tgz#6f356e16b275287f61c61ce8b9e1718fc5b24d4c"
  integrity sha512-/t6C6niEQTqmQTVTD9TDwUzxG91Mlk69/v0qodIPUnjjB3wR4UA3klg+orR2SU3Ux2Cgf2pWPL9utK80/1ek8g==

"@rollup/rollup-win32-arm64-msvc@4.1.4":
  version "4.1.4"
  resolved "https://registry.yarnpkg.com/@rollup/rollup-win32-arm64-msvc/-/rollup-win32-arm64-msvc-4.1.4.tgz#acb619a959c7b03fad63017b328fa60641b75239"
  integrity sha512-ZY5BHHrOPkMbCuGWFNpJH0t18D2LU6GMYKGaqaWTQ3CQOL57Fem4zE941/Ek5pIsVt70HyDXssVEFQXlITI5Gg==

"@rollup/rollup-win32-ia32-msvc@4.1.4":
  version "4.1.4"
  resolved "https://registry.yarnpkg.com/@rollup/rollup-win32-ia32-msvc/-/rollup-win32-ia32-msvc-4.1.4.tgz#6aab05c9a60f952cf5a263ebca244aa225fbde63"
  integrity sha512-XG2mcRfFrJvYyYaQmvCIvgfkaGinfXrpkBuIbJrTl9SaIQ8HumheWTIwkNz2mktCKwZfXHQNpO7RgXLIGQ7HXA==

"@rollup/rollup-win32-x64-msvc@4.1.4":
  version "4.1.4"
  resolved "https://registry.yarnpkg.com/@rollup/rollup-win32-x64-msvc/-/rollup-win32-x64-msvc-4.1.4.tgz#482022c71466e653aa6e1afc7a8323298743609b"
  integrity sha512-ANFqWYPwkhIqPmXw8vm0GpBEHiPpqcm99jiiAp71DbCSqLDhrtr019C5vhD0Bw4My+LmMvciZq6IsWHqQpl2ZQ==

"@swc/core-darwin-arm64@1.3.93":
  version "1.3.93"
  resolved "https://registry.yarnpkg.com/@swc/core-darwin-arm64/-/core-darwin-arm64-1.3.93.tgz#aefd94625451988286bebccb1c072bae0a36bcdb"
  integrity sha512-gEKgk7FVIgltnIfDO6GntyuQBBlAYg5imHpRgLxB1zSI27ijVVkksc6QwISzFZAhKYaBWIsFSVeL9AYSziAF7A==

"@swc/core-darwin-x64@1.3.93":
  version "1.3.93"
  resolved "https://registry.yarnpkg.com/@swc/core-darwin-x64/-/core-darwin-x64-1.3.93.tgz#18409c6effdf508ddf1ebccfa77d35aaa6cd72f0"
  integrity sha512-ZQPxm/fXdDQtn3yrYSL/gFfA8OfZ5jTi33yFQq6vcg/Y8talpZ+MgdSlYM0FkLrZdMTYYTNFiuBQuuvkA+av+Q==

"@swc/core-linux-arm-gnueabihf@1.3.93":
  version "1.3.93"
  resolved "https://registry.yarnpkg.com/@swc/core-linux-arm-gnueabihf/-/core-linux-arm-gnueabihf-1.3.93.tgz#23a97bc94a8b2f23fb6cc4bc9d8936899e5eeff5"
  integrity sha512-OYFMMI2yV+aNe3wMgYhODxHdqUB/jrK0SEMHHS44GZpk8MuBXEF+Mcz4qjkY5Q1EH7KVQqXb/gVWwdgTHpjM2A==

"@swc/core-linux-arm64-gnu@1.3.93":
  version "1.3.93"
  resolved "https://registry.yarnpkg.com/@swc/core-linux-arm64-gnu/-/core-linux-arm64-gnu-1.3.93.tgz#7a17406a7cf76a959a617626d5ee2634ae9afa26"
  integrity sha512-BT4dT78odKnJMNiq5HdjBsv29CiIdcCcImAPxeFqAeFw1LL6gh9nzI8E96oWc+0lVT5lfhoesCk4Qm7J6bty8w==

"@swc/core-linux-arm64-musl@1.3.93":
  version "1.3.93"
  resolved "https://registry.yarnpkg.com/@swc/core-linux-arm64-musl/-/core-linux-arm64-musl-1.3.93.tgz#a30be7780090afefd3b8706398418cbe1d23db49"
  integrity sha512-yH5fWEl1bktouC0mhh0Chuxp7HEO4uCtS/ly1Vmf18gs6wZ8DOOkgAEVv2dNKIryy+Na++ljx4Ym7C8tSJTrLw==

"@swc/core-linux-x64-gnu@1.3.93":
  version "1.3.93"
  resolved "https://registry.yarnpkg.com/@swc/core-linux-x64-gnu/-/core-linux-x64-gnu-1.3.93.tgz#41e903fd82e059952d16051b442cbe65ee5b8cb3"
  integrity sha512-OFUdx64qvrGJhXKEyxosHxgoUVgba2ztYh7BnMiU5hP8lbI8G13W40J0SN3CmFQwPP30+3oEbW7LWzhKEaYjlg==

"@swc/core-linux-x64-musl@1.3.93":
  version "1.3.93"
  resolved "https://registry.yarnpkg.com/@swc/core-linux-x64-musl/-/core-linux-x64-musl-1.3.93.tgz#0866807545c44eac9b3254b374310ad5e1c573f9"
  integrity sha512-4B8lSRwEq1XYm6xhxHhvHmKAS7pUp1Q7E33NQ2TlmFhfKvCOh86qvThcjAOo57x8DRwmpvEVrqvpXtYagMN6Ig==

"@swc/core-win32-arm64-msvc@1.3.93":
  version "1.3.93"
  resolved "https://registry.yarnpkg.com/@swc/core-win32-arm64-msvc/-/core-win32-arm64-msvc-1.3.93.tgz#c72411dea2fd4f62a832f71a6e15424d849e7610"
  integrity sha512-BHShlxtkven8ZjjvZ5QR6sC5fZCJ9bMujEkiha6W4cBUTY7ce7qGFyHmQd+iPC85d9kD/0cCiX/Xez8u0BhO7w==

"@swc/core-win32-ia32-msvc@1.3.93":
  version "1.3.93"
  resolved "https://registry.yarnpkg.com/@swc/core-win32-ia32-msvc/-/core-win32-ia32-msvc-1.3.93.tgz#05c2b031b976af4ef81f5073ee114254678a5d5d"
  integrity sha512-nEwNWnz4JzYAK6asVvb92yeylfxMYih7eMQOnT7ZVlZN5ba9WF29xJ6kcQKs9HRH6MvWhz9+wRgv3FcjlU6HYA==

"@swc/core-win32-x64-msvc@1.3.93":
  version "1.3.93"
  resolved "https://registry.yarnpkg.com/@swc/core-win32-x64-msvc/-/core-win32-x64-msvc-1.3.93.tgz#f8748b3fd1879f13084b1b0814edf328c662935c"
  integrity sha512-jibQ0zUr4kwJaQVwgmH+svS04bYTPnPw/ZkNInzxS+wFAtzINBYcU8s2PMWbDb2NGYiRSEeoSGyAvS9H+24JFA==

"@swc/core@^1.3.93":
  version "1.3.93"
  resolved "https://registry.yarnpkg.com/@swc/core/-/core-1.3.93.tgz#be4282aa44deffb0e5081a2613bac00335600630"
  integrity sha512-690GRr1wUGmGYZHk7fUduX/JUwViMF2o74mnZYIWEcJaCcd9MQfkhsxPBtjeg6tF+h266/Cf3RPYhsFBzzxXcA==
  dependencies:
    "@swc/counter" "^0.1.1"
    "@swc/types" "^0.1.5"
  optionalDependencies:
    "@swc/core-darwin-arm64" "1.3.93"
    "@swc/core-darwin-x64" "1.3.93"
    "@swc/core-linux-arm-gnueabihf" "1.3.93"
    "@swc/core-linux-arm64-gnu" "1.3.93"
    "@swc/core-linux-arm64-musl" "1.3.93"
    "@swc/core-linux-x64-gnu" "1.3.93"
    "@swc/core-linux-x64-musl" "1.3.93"
    "@swc/core-win32-arm64-msvc" "1.3.93"
    "@swc/core-win32-ia32-msvc" "1.3.93"
    "@swc/core-win32-x64-msvc" "1.3.93"

"@swc/counter@^0.1.1":
  version "0.1.2"
  resolved "https://registry.yarnpkg.com/@swc/counter/-/counter-0.1.2.tgz#bf06d0770e47c6f1102270b744e17b934586985e"
  integrity sha512-9F4ys4C74eSTEUNndnER3VJ15oru2NumfQxS8geE+f3eB5xvfxpWyqE5XlVnxb/R14uoXi6SLbBwwiDSkv+XEw==

"@swc/types@^0.1.5":
  version "0.1.5"
  resolved "https://registry.yarnpkg.com/@swc/types/-/types-0.1.5.tgz#043b731d4f56a79b4897a3de1af35e75d56bc63a"
  integrity sha512-myfUej5naTBWnqOCc/MdVOLVjXUXtIA+NpDrDBKJtLLg2shUjBu3cZmB/85RyitKc55+lUUyl7oRfLOvkr2hsw==

"@types/clean-css@*":
  version "4.2.8"
  resolved "https://registry.yarnpkg.com/@types/clean-css/-/clean-css-4.2.8.tgz#9ab912ab4f7902677426507a96ce8dd5f724ca21"
  integrity sha512-9n7Wa2xYB2kGeL7HfUlR2ome/5nhB5IMrLsssLJd+AofffDKEY7ISUA+uscFG823Y2BAd2eKXnTMKEAgcg/BhQ==
  dependencies:
    "@types/node" "*"
    source-map "^0.6.0"

"@types/estree@*", "@types/estree@^1.0.0":
  version "1.0.2"
  resolved "https://registry.yarnpkg.com/@types/estree/-/estree-1.0.2.tgz#ff02bc3dc8317cd668dfec247b750ba1f1d62453"
  integrity sha512-VeiPZ9MMwXjO32/Xu7+OwflfmeoRwkE/qzndw42gGtgJwZopBnzy2gD//NN1+go1mADzkDcqf/KnFRSjTJ8xJA==

"@types/html-minifier@^3.5.3":
  version "3.5.3"
  resolved "https://registry.yarnpkg.com/@types/html-minifier/-/html-minifier-3.5.3.tgz#5276845138db2cebc54c789e0aaf87621a21e84f"
  integrity sha512-j1P/4PcWVVCPEy5lofcHnQ6BtXz9tHGiFPWzqm7TtGuWZEfCHEP446HlkSNc9fQgNJaJZ6ewPtp2aaFla/Uerg==
  dependencies:
    "@types/clean-css" "*"
    "@types/relateurl" "*"
    "@types/uglify-js" "*"

"@types/node@*", "@types/node@^20.8.6":
  version "20.8.6"
  resolved "https://registry.yarnpkg.com/@types/node/-/node-20.8.6.tgz#0dbd4ebcc82ad0128df05d0e6f57e05359ee47fa"
  integrity sha512-eWO4K2Ji70QzKUqRy6oyJWUeB7+g2cRagT3T/nxYibYcT4y2BDL8lqolRXjTHmkZCdJfIPaY73KbJAZmcryxTQ==
  dependencies:
    undici-types "~5.25.1"

"@types/picomatch@^2.3.1":
  version "2.3.1"
  resolved "https://registry.yarnpkg.com/@types/picomatch/-/picomatch-2.3.1.tgz#ebb5c749fa246b78b9fe3cea7656c340e605f759"
  integrity sha512-Ejq9/KBsgfZZafGGdr9R7011EZhDzcAEMjoBl2W4eGNcZGhsUFMbUA0D+sHxjtAA1ldk3e6wapzXeyp0NSuM8Q==

"@types/relateurl@*":
  version "0.2.30"
  resolved "https://registry.yarnpkg.com/@types/relateurl/-/relateurl-0.2.30.tgz#c2711bc978da74b2ed4ec3ff2eeaffb1d5a151fa"
  integrity sha512-OzTBOmeBmS6FV7uFdbbUaE/rqWNcTrOTfRpDMWMczHa8nvNZi4exDD7d3ZKcxHH2GbgZ50dJkNhx9spRxSxmGg==

"@types/resolve@1.20.2":
  version "1.20.2"
  resolved "https://registry.yarnpkg.com/@types/resolve/-/resolve-1.20.2.tgz#97d26e00cd4a0423b4af620abecf3e6f442b7975"
  integrity sha512-60BCwRFOZCQhDncwQdxxeOEEkbc5dIMccYLwbxsS4TUNeVECQ/pBJ0j09mrHOl/JJvpRPGwO9SvE4nR2Nb/a4Q==

"@types/source-map-support@^0.5.8":
  version "0.5.8"
  resolved "https://registry.yarnpkg.com/@types/source-map-support/-/source-map-support-0.5.8.tgz#ec9bd9d4c6ef9183f516109f26225350b73f91be"
  integrity sha512-u5nwLcaENciDwebPwwZb2AM1LvdlgFQfqCKxWQxcgNsQhUQciGuUnJ2LjGFAkInY2APXQzIypiUSa9zB6Epddg==
  dependencies:
    source-map "^0.6.0"

"@types/uglify-js@*":
  version "3.17.2"
  resolved "https://registry.yarnpkg.com/@types/uglify-js/-/uglify-js-3.17.2.tgz#a2ba86fd524f6281a7655463338c546f845b29c3"
  integrity sha512-9SjrHO54LINgC/6Ehr81NjAxAYvwEZqjUHLjJYvC4Nmr9jbLQCIZbWSvl4vXQkkmR1UAuaKDycau3O1kWGFyXQ==
  dependencies:
    source-map "^0.6.1"

ansi-styles@^3.2.1:
  version "3.2.1"
  resolved "https://registry.yarnpkg.com/ansi-styles/-/ansi-styles-3.2.1.tgz#41fbb20243e50b12be0f04b8dedbf07520ce841d"
  integrity sha512-VT0ZI6kZRdTh8YyJw3SMbYm/u+NqfsAxEpWO0Pf9sq8/e94WxxOpPKx9FR1FlyCtOVDNOQ+8ntlqFxiRc+r5qA==
  dependencies:
    color-convert "^1.9.0"

balanced-match@^1.0.0:
  version "1.0.2"
  resolved "https://registry.yarnpkg.com/balanced-match/-/balanced-match-1.0.2.tgz#e83e3a7e3f300b34cb9d87f615fa0cbf357690ee"
  integrity sha512-3oSeUO0TMV67hN1AmbXsK4yaqU7tjiHlbxRDZOpH0KW9+CeX4bRAaX0Anxt0tx2MrpRpWwQaPwIlISEJhYU5Pw==

brace-expansion@^2.0.1:
  version "2.0.1"
  resolved "https://registry.yarnpkg.com/brace-expansion/-/brace-expansion-2.0.1.tgz#1edc459e0f0c548486ecf9fc99f2221364b9a0ae"
  integrity sha512-XnAIvQ8eM+kC6aULx6wuQiwVsnzsi9d3WxzV3FpWTGA19F621kwdbsAcFKXgKUHZWsy+mY6iL1sHTxWEFCytDA==
  dependencies:
    balanced-match "^1.0.0"

buffer-from@^1.0.0:
  version "1.1.2"
  resolved "https://registry.yarnpkg.com/buffer-from/-/buffer-from-1.1.2.tgz#2b146a6fd72e80b4f55d255f35ed59a3a9a41bd5"
  integrity sha512-E+XQCRwSbaaiChtv6k6Dwgc+bx+Bs6vuKJHHl5kox/BaKbhiXzqQOwK4cO22yElGp2OCmjwVhT3HmxgyPGnJfQ==

builtin-modules@^3.3.0:
  version "3.3.0"
  resolved "https://registry.yarnpkg.com/builtin-modules/-/builtin-modules-3.3.0.tgz#cae62812b89801e9656336e46223e030386be7b6"
  integrity sha512-zhaCDicdLuWN5UbN5IMnFqNMhNfo919sH85y2/ea+5Yg9TsTkeZxpL+JLbp6cgYFS4sRLp3YV4S6yDuqVWHYOw==

cac@^6.7.14:
  version "6.7.14"
  resolved "https://registry.yarnpkg.com/cac/-/cac-6.7.14.tgz#804e1e6f506ee363cb0e3ccbb09cad5dd9870959"
  integrity sha512-b6Ilus+c3RrdDk+JhLKUAQfzzgLEPy6wcXqS7f/xe1EETvsDP6GORG7SFuOs6cID5YkqchW/LXZbX5bc8j7ZcQ==

camel-case@^3.0.0:
  version "3.0.0"
  resolved "https://registry.yarnpkg.com/camel-case/-/camel-case-3.0.0.tgz#ca3c3688a4e9cf3a4cda777dc4dcbc713249cf73"
  integrity sha512-+MbKztAYHXPr1jNTSKQF52VpcFjwY5RkR7fxksV8Doo4KAYc5Fl4UJRgthBbTmEx8C54DqahhbLJkDwjI3PI/w==
  dependencies:
    no-case "^2.2.0"
    upper-case "^1.1.1"

chalk@^2.4.2:
  version "2.4.2"
  resolved "https://registry.yarnpkg.com/chalk/-/chalk-2.4.2.tgz#cd42541677a54333cf541a49108c1432b44c9424"
  integrity sha512-Mti+f9lpJNcwF4tWV8/OrTTtF1gZi+f8FqlyAdouralcFWFQWF2+NgCHShjkCb+IFBLq9buZwE1xckQU4peSuQ==
  dependencies:
    ansi-styles "^3.2.1"
    escape-string-regexp "^1.0.5"
    supports-color "^5.3.0"

clean-css@^4.2.1:
  version "4.2.4"
  resolved "https://registry.yarnpkg.com/clean-css/-/clean-css-4.2.4.tgz#733bf46eba4e607c6891ea57c24a989356831178"
  integrity sha512-EJUDT7nDVFDvaQgAo2G/PJvxmp1o/c6iXLbswsBbUFXi1Nr+AjA2cKmfbKDMjMvzEe75g3P6JkaDDAKk96A85A==
  dependencies:
    source-map "~0.6.0"

color-convert@^1.9.0:
  version "1.9.3"
  resolved "https://registry.yarnpkg.com/color-convert/-/color-convert-1.9.3.tgz#bb71850690e1f136567de629d2d5471deda4c1e8"
  integrity sha512-QfAUtd+vFdAtFQcC8CCyYt1fYWxSqAiK2cSD6zDB8N3cpsEBAvRxp9zOGg6G/SHHJYAT88/az/IuDGALsNVbGg==
  dependencies:
    color-name "1.1.3"

color-name@1.1.3:
  version "1.1.3"
  resolved "https://registry.yarnpkg.com/color-name/-/color-name-1.1.3.tgz#a7d0558bd89c42f795dd42328f740831ca53bc25"
  integrity sha512-72fSenhMw2HZMTVHeCA9KCmpEIbzWiQsjN+BHcBbS9vr1mtt+vJjPdksIBNUmKAW8TFUDPJK5SUU3QhE9NEXDw==

commander@^2.19.0:
  version "2.20.3"
  resolved "https://registry.yarnpkg.com/commander/-/commander-2.20.3.tgz#fd485e84c03eb4881c20722ba48035e8531aeb33"
  integrity sha512-GpVkmM8vF2vQUkj2LvZmD35JxeJOLCwJ9cUkugyk2nuhbv3+mJvpLYYt+0+USMxE+oj+ey/lJEnhZw75x/OMcQ==

commondir@^1.0.1:
  version "1.0.1"
  resolved "https://registry.yarnpkg.com/commondir/-/commondir-1.0.1.tgz#ddd800da0c66127393cca5950ea968a3aaf1253b"
  integrity sha512-W9pAhw0ja1Edb5GVdIF1mjZw/ASI0AlShXM83UUGe2DVr5TdAPEA1OA8m/g8zWp9x6On7gqufY+FatDbC3MDQg==

deepmerge@^4.2.2:
  version "4.3.1"
  resolved "https://registry.yarnpkg.com/deepmerge/-/deepmerge-4.3.1.tgz#44b5f2147cd3b00d4b56137685966f26fd25dd4a"
  integrity sha512-3sUqbMEc77XqpdNO7FRyRog+eW3ph+GYCbj+rK+uYyRMuwsVy0rMiVtPn+QJlKFvWP/1PYpapqYn0Me2knFn+A==

dotenv@^16.3.1:
  version "16.3.1"
  resolved "https://registry.yarnpkg.com/dotenv/-/dotenv-16.3.1.tgz#369034de7d7e5b120972693352a3bf112172cc3e"
  integrity sha512-IPzF4w4/Rd94bA9imS68tZBaYyBWSCE47V1RGuMrB94iyTOIEwRmVL2x/4An+6mETpLrKJ5hQkB8W4kFAadeIQ==

escape-string-regexp@^1.0.5:
  version "1.0.5"
  resolved "https://registry.yarnpkg.com/escape-string-regexp/-/escape-string-regexp-1.0.5.tgz#1b61c0562190a8dff6ae3bb2cf0200ca130b86d4"
  integrity sha512-vbRorB5FUQWvla16U8R/qgaFIya2qGzwDrNmCZuYKrbdSUMG6I1ZCGQRefkRVhuOkIGVne7BQ35DSfo1qvJqFg==

estree-walker@^2.0.2:
  version "2.0.2"
  resolved "https://registry.yarnpkg.com/estree-walker/-/estree-walker-2.0.2.tgz#52f010178c2a4c117a7757cfe942adb7d2da4cac"
  integrity sha512-Rfkk/Mp/DL7JVje3u18FxFujQlTNR2q6QfMSMB7AvCBx91NGj/ba3kCfza0f6dVDbw7YlRf/nDrn7pQrCCyQ/w==

fs.realpath@^1.0.0:
  version "1.0.0"
  resolved "https://registry.yarnpkg.com/fs.realpath/-/fs.realpath-1.0.0.tgz#1504ad2523158caa40db4a2787cb01411994ea4f"
  integrity sha512-OO0pH2lK6a0hZnAdau5ItzHPI6pUlvI7jMVnxUQRtw4owF2wk8lOSabtGDCTP4Ggrg2MbGnWO9X8K1t4+fGMDw==

fsevents@~2.3.2:
  version "2.3.3"
  resolved "https://registry.yarnpkg.com/fsevents/-/fsevents-2.3.3.tgz#cac6407785d03675a2a5e1a5305c697b347d90d6"
  integrity sha512-5xoDfX+fL7faATnagmWPpbFtwh/R77WmMMqqHGS65C3vvB0YHrgF+B1YmZ3441tMj5n63k0212XNoJwzlhffQw==

glob@^8.0.3:
  version "8.1.0"
  resolved "https://registry.yarnpkg.com/glob/-/glob-8.1.0.tgz#d388f656593ef708ee3e34640fdfb99a9fd1c33e"
  integrity sha512-r8hpEjiQEYlF2QU0df3dS+nxxSIreXQS1qRhMJM0Q5NDdR386C7jb7Hwwod8Fgiuex+k0GFjgft18yvxm5XoCQ==
  dependencies:
    fs.realpath "^1.0.0"
    inflight "^1.0.4"
    inherits "2"
    minimatch "^5.0.1"
    once "^1.3.0"

has-flag@^3.0.0:
  version "3.0.0"
  resolved "https://registry.yarnpkg.com/has-flag/-/has-flag-3.0.0.tgz#b5d454dc2199ae225699f3467e5a07f3b955bafd"
  integrity sha512-sKJf1+ceQBr4SMkvQnBDNDtf4TXpVhVGateu0t918bl30FnbE2m4vNLX+VWe/dpjlb+HugGYzW7uQXH98HPEYw==

has@^1.0.3:
  version "1.0.4"
  resolved "https://registry.yarnpkg.com/has/-/has-1.0.4.tgz#2eb2860e000011dae4f1406a86fe80e530fb2ec6"
  integrity sha512-qdSAmqLF6209RFj4VVItywPMbm3vWylknmB3nvNiUIs72xAimcM8nVYxYr7ncvZq5qzk9MKIZR8ijqD/1QuYjQ==

he@^1.2.0:
  version "1.2.0"
  resolved "https://registry.yarnpkg.com/he/-/he-1.2.0.tgz#84ae65fa7eafb165fddb61566ae14baf05664f0f"
  integrity sha512-F/1DnUGPopORZi0ni+CvrCgHQ5FyEAHRLSApuYWMmrbSwoN2Mn/7k+Gl38gJnR7yyDZk6WLXwiGod1JOWNDKGw==

html-minifier@^4.0.0:
  version "4.0.0"
  resolved "https://registry.yarnpkg.com/html-minifier/-/html-minifier-4.0.0.tgz#cca9aad8bce1175e02e17a8c33e46d8988889f56"
  integrity sha512-aoGxanpFPLg7MkIl/DDFYtb0iWz7jMFGqFhvEDZga6/4QTjneiD8I/NXL1x5aaoCp7FSIT6h/OhykDdPsbtMig==
  dependencies:
    camel-case "^3.0.0"
    clean-css "^4.2.1"
    commander "^2.19.0"
    he "^1.2.0"
    param-case "^2.1.1"
    relateurl "^0.2.7"
    uglify-js "^3.5.1"

inflight@^1.0.4:
  version "1.0.6"
  resolved "https://registry.yarnpkg.com/inflight/-/inflight-1.0.6.tgz#49bd6331d7d02d0c09bc910a1075ba8165b56df9"
  integrity sha512-k92I/b08q4wvFscXCLvqfsHCrjrF7yiXsQuIVvVE7N82W3+aqpzuUdBbfhWcy/FZR3/4IgflMgKLOsvPDrGCJA==
  dependencies:
    once "^1.3.0"
    wrappy "1"

inherits@2:
  version "2.0.4"
  resolved "https://registry.yarnpkg.com/inherits/-/inherits-2.0.4.tgz#0fa2c64f932917c3433a0ded55363aae37416b7c"
  integrity sha512-k/vGaX4/Yla3WzyMCvTQOXYeIHvqOKtnqBduzTHpzpQZzAskKMhZ2K+EnBiSM9zGSoIFeMpXKxa4dYeZIQqewQ==

is-builtin-module@^3.2.1:
  version "3.2.1"
  resolved "https://registry.yarnpkg.com/is-builtin-module/-/is-builtin-module-3.2.1.tgz#f03271717d8654cfcaf07ab0463faa3571581169"
  integrity sha512-BSLE3HnV2syZ0FK0iMA/yUGplUeMmNz4AW5fnTunbCIqZi4vG3WjJT9FHMy5D69xmAYBHXQhJdALdpwVxV501A==
  dependencies:
    builtin-modules "^3.3.0"

is-core-module@^2.13.0:
  version "2.13.0"
  resolved "https://registry.yarnpkg.com/is-core-module/-/is-core-module-2.13.0.tgz#bb52aa6e2cbd49a30c2ba68c42bf3435ba6072db"
  integrity sha512-Z7dk6Qo8pOCp3l4tsX2C5ZVas4V+UxwQodwZhLopL91TX8UyyHEXafPcyoeeWuLrwzHcr3igO78wNLwHJHsMCQ==
  dependencies:
    has "^1.0.3"

is-module@^1.0.0:
  version "1.0.0"
  resolved "https://registry.yarnpkg.com/is-module/-/is-module-1.0.0.tgz#3258fb69f78c14d5b815d664336b4cffb6441591"
  integrity sha512-51ypPSPCoTEIN9dy5Oy+h4pShgJmPCygKfyRCISBI+JoWT/2oJvK8QPxmwv7b/p239jXrm9M1mlQbyKJ5A152g==

is-reference@1.2.1:
  version "1.2.1"
  resolved "https://registry.yarnpkg.com/is-reference/-/is-reference-1.2.1.tgz#8b2dac0b371f4bc994fdeaba9eb542d03002d0b7"
  integrity sha512-U82MsXXiFIrjCK4otLT+o2NA2Cd2g5MLoOVXUZjIOhLurrRxpEXzI8O0KZHr3IjLvlAH1kTPYSuqer5T9ZVBKQ==
  dependencies:
    "@types/estree" "*"

js-tokens@^4.0.0:
  version "4.0.0"
  resolved "https://registry.yarnpkg.com/js-tokens/-/js-tokens-4.0.0.tgz#19203fb59991df98e3a287050d4647cdeaf32499"
  integrity sha512-RdJUflcE3cUzKiMqQgsCu06FPu9UdIJO0beYbPhHN4k6apgJtifcoCtT9bcxOpYBtpD2kCM6Sbzg4CausW/PKQ==

lower-case@^1.1.1:
  version "1.1.4"
  resolved "https://registry.yarnpkg.com/lower-case/-/lower-case-1.1.4.tgz#9a2cabd1b9e8e0ae993a4bf7d5875c39c42e8eac"
  integrity sha512-2Fgx1Ycm599x+WGpIYwJOvsjmXFzTSc34IwDWALRA/8AopUKAVPwfJ+h5+f85BCp0PWmmJcWzEpxOpoXycMpdA==

magic-string@^0.25.0:
  version "0.25.9"
  resolved "https://registry.yarnpkg.com/magic-string/-/magic-string-0.25.9.tgz#de7f9faf91ef8a1c91d02c2e5314c8277dbcdd1c"
  integrity sha512-RmF0AsMzgt25qzqqLc1+MbHmhdx0ojF2Fvs4XnOqz2ZOBXzzkEwc/dJQZCYHAn7v1jbVOjAZfK8msRn4BxO4VQ==
  dependencies:
    sourcemap-codec "^1.4.8"

magic-string@^0.30.3, magic-string@^0.30.4:
  version "0.30.5"
  resolved "https://registry.yarnpkg.com/magic-string/-/magic-string-0.30.5.tgz#1994d980bd1c8835dc6e78db7cbd4ae4f24746f9"
  integrity sha512-7xlpfBaQaP/T6Vh8MO/EqXSW5En6INHEvEXQiuff7Gku0PWjU3uf6w/j9o7O+SpB5fOAkrI5HeoNgwjEO0pFsA==
  dependencies:
    "@jridgewell/sourcemap-codec" "^1.4.15"

minify-html-literals@^1.3.5:
  version "1.3.5"
  resolved "https://registry.yarnpkg.com/minify-html-literals/-/minify-html-literals-1.3.5.tgz#11c05e2b9699be7f41647186a9fe8249b7de6734"
  integrity sha512-p8T8ryePRR8FVfJZLVFmM53WY25FL0moCCTycUDuAu6rf9GMLwy0gNjXBGNin3Yun7Y+tIWd28axOf0t2EpAlQ==
  dependencies:
    "@types/html-minifier" "^3.5.3"
    clean-css "^4.2.1"
    html-minifier "^4.0.0"
    magic-string "^0.25.0"
    parse-literals "^1.2.1"

minimatch@^5.0.1:
  version "5.1.6"
  resolved "https://registry.yarnpkg.com/minimatch/-/minimatch-5.1.6.tgz#1cfcb8cf5522ea69952cd2af95ae09477f122a96"
  integrity sha512-lKwV/1brpG6mBUFHtb7NUmtABCb2WZZmm2wNiOA5hAb8VdCS4B3dtMWyvcoViccwAW/COERjXLt0zP1zXUN26g==
  dependencies:
    brace-expansion "^2.0.1"

no-case@^2.2.0:
  version "2.3.2"
  resolved "https://registry.yarnpkg.com/no-case/-/no-case-2.3.2.tgz#60b813396be39b3f1288a4c1ed5d1e7d28b464ac"
  integrity sha512-rmTZ9kz+f3rCvK2TD1Ue/oZlns7OGoIWP4fc3llxxRXlOkHKoWPPWJOfFYpITabSow43QJbRIoHQXtt10VldyQ==
  dependencies:
    lower-case "^1.1.1"

once@^1.3.0:
  version "1.4.0"
  resolved "https://registry.yarnpkg.com/once/-/once-1.4.0.tgz#583b1aa775961d4b113ac17d9c50baef9dd76bd1"
  integrity sha512-lNaJgI+2Q5URQBkccEKHTQOPaXdUxnZZElQTZY0MFUAuaEqe1E+Nyvgdz/aIyNi6Z9MzO5dv1H8n58/GELp3+w==
  dependencies:
    wrappy "1"

param-case@^2.1.1:
  version "2.1.1"
  resolved "https://registry.yarnpkg.com/param-case/-/param-case-2.1.1.tgz#df94fd8cf6531ecf75e6bef9a0858fbc72be2247"
  integrity sha512-eQE845L6ot89sk2N8liD8HAuH4ca6Vvr7VWAWwt7+kvvG5aBcPmmphQ68JsEG2qa9n1TykS2DLeMt363AAH8/w==
  dependencies:
    no-case "^2.2.0"

parse-literals@^1.2.1:
  version "1.2.1"
  resolved "https://registry.yarnpkg.com/parse-literals/-/parse-literals-1.2.1.tgz#2311855a12a6e12434f44eb40fa434c48cc0560f"
  integrity sha512-Ml0w104Ph2wwzuRdxrg9booVWsngXbB4bZ5T2z6WyF8b5oaNkUmBiDtahi34yUIpXD8Y13JjAK6UyIyApJ73RQ==
  dependencies:
    typescript "^2.9.2 || ^3.0.0 || ^4.0.0"

path-parse@^1.0.7:
  version "1.0.7"
  resolved "https://registry.yarnpkg.com/path-parse/-/path-parse-1.0.7.tgz#fbc114b60ca42b30d9daf5858e4bd68bbedb6735"
  integrity sha512-LDJzPVEEEPR+y48z93A0Ed0yXb8pAByGWo/k5YYdYgpY2/2EsOsksJrq7lOHxryrVOn1ejG6oAp8ahvOIQD8sw==

picomatch@^2.3.1:
  version "2.3.1"
  resolved "https://registry.yarnpkg.com/picomatch/-/picomatch-2.3.1.tgz#3ba3833733646d9d3e4995946c1365a67fb07a42"
  integrity sha512-JU3teHTNjmE2VCGFzuY8EXzCDVwEqB2a8fsIvwaStHhAWJEeVd1o1QD80CU6+ZdEXXSLbSsuLwJjkCBWqRQUVA==

pirates@^4.0.6:
  version "4.0.6"
  resolved "https://registry.yarnpkg.com/pirates/-/pirates-4.0.6.tgz#3018ae32ecfcff6c29ba2267cbf21166ac1f36b9"
  integrity sha512-saLsH7WeYYPiD25LDuLRRY/i+6HaPYr6G1OUlN39otzkSTxKnubR9RTxS3/Kk50s1g2JTgFwWQDQyplC5/SHZg==

relateurl@^0.2.7:
  version "0.2.7"
  resolved "https://registry.yarnpkg.com/relateurl/-/relateurl-0.2.7.tgz#54dbf377e51440aca90a4cd274600d3ff2d888a9"
  integrity sha512-G08Dxvm4iDN3MLM0EsP62EDV9IuhXPR6blNz6Utcp7zyV3tr4HVNINt6MpaRWbxoOHT3Q7YN2P+jaHX8vUbgog==

resolve@^1.22.1:
  version "1.22.8"
  resolved "https://registry.yarnpkg.com/resolve/-/resolve-1.22.8.tgz#b6c87a9f2aa06dfab52e3d70ac8cde321fa5a48d"
  integrity sha512-oKWePCxqpd6FlLvGV1VU0x7bkPmmCNolxzjMf4NczoDnQcIWrAF+cPtZn5i6n+RfD2d9i0tzpKnG6Yk168yIyw==
  dependencies:
    is-core-module "^2.13.0"
    path-parse "^1.0.7"
    supports-preserve-symlinks-flag "^1.0.0"

rollup-plugin-dts@^6.1.0:
  version "6.1.0"
  resolved "https://registry.yarnpkg.com/rollup-plugin-dts/-/rollup-plugin-dts-6.1.0.tgz#56e9c5548dac717213c6a4aa9df523faf04f75ae"
  integrity sha512-ijSCPICkRMDKDLBK9torss07+8dl9UpY9z1N/zTeA1cIqdzMlpkV3MOOC7zukyvQfDyxa1s3Dl2+DeiP/G6DOw==
  dependencies:
    magic-string "^0.30.4"
  optionalDependencies:
    "@babel/code-frame" "^7.22.13"

rollup-plugin-tsconfig-paths@^1.5.1:
  version "1.5.1"
  resolved "https://registry.yarnpkg.com/rollup-plugin-tsconfig-paths/-/rollup-plugin-tsconfig-paths-1.5.1.tgz#96a01ed35d3175af1069b6d9d4cd68df9d4bed2a"
  integrity sha512-HhqSvheeEdSQY/X1gMj7MBccx9BE4FbzIaCrRpOqNc9OwvbqbTf1WOUY56bGW4nJ3OWLOuzaBFJFle9LeRmXIg==
  dependencies:
    typescript-paths "^1.5.1"

rollup@^4.1.4:
  version "4.1.4"
  resolved "https://registry.yarnpkg.com/rollup/-/rollup-4.1.4.tgz#cf0ab00d9183a3d11fcc5d630270463b13831221"
  integrity sha512-U8Yk1lQRKqCkDBip/pMYT+IKaN7b7UesK3fLSTuHBoBJacCE+oBqo/dfG/gkUdQNNB2OBmRP98cn2C2bkYZkyw==
  optionalDependencies:
    "@rollup/rollup-android-arm-eabi" "4.1.4"
    "@rollup/rollup-android-arm64" "4.1.4"
    "@rollup/rollup-darwin-arm64" "4.1.4"
    "@rollup/rollup-darwin-x64" "4.1.4"
    "@rollup/rollup-linux-arm-gnueabihf" "4.1.4"
    "@rollup/rollup-linux-arm64-gnu" "4.1.4"
    "@rollup/rollup-linux-arm64-musl" "4.1.4"
    "@rollup/rollup-linux-x64-gnu" "4.1.4"
    "@rollup/rollup-linux-x64-musl" "4.1.4"
    "@rollup/rollup-win32-arm64-msvc" "4.1.4"
    "@rollup/rollup-win32-ia32-msvc" "4.1.4"
    "@rollup/rollup-win32-x64-msvc" "4.1.4"
    fsevents "~2.3.2"

source-map-support@^0.5.21:
  version "0.5.21"
  resolved "https://registry.yarnpkg.com/source-map-support/-/source-map-support-0.5.21.tgz#04fe7c7f9e1ed2d662233c28cb2b35b9f63f6e4f"
  integrity sha512-uBHU3L3czsIyYXKX88fdrGovxdSCoTGDRZ6SYXtSRxLZUzHg5P/66Ht6uoUlHu9EZod+inXhKo3qQgwXUT/y1w==
  dependencies:
    buffer-from "^1.0.0"
    source-map "^0.6.0"

source-map@^0.6.0, source-map@^0.6.1, source-map@~0.6.0:
  version "0.6.1"
  resolved "https://registry.yarnpkg.com/source-map/-/source-map-0.6.1.tgz#74722af32e9614e9c287a8d0bbde48b5e2f1a263"
  integrity sha512-UjgapumWlbMhkBgzT7Ykc5YXUT46F0iKu8SGXq0bcwP5dz/h0Plj6enJqjz1Zbq2l5WaqYnrVbwWOWMyF3F47g==

sourcemap-codec@^1.4.8:
  version "1.4.8"
  resolved "https://registry.yarnpkg.com/sourcemap-codec/-/sourcemap-codec-1.4.8.tgz#ea804bd94857402e6992d05a38ef1ae35a9ab4c4"
  integrity sha512-9NykojV5Uih4lgo5So5dtw+f0JgJX30KCNI8gwhz2J9A15wD0Ml6tjHKwf6fTSa6fAdVBdZeNOs9eJ71qCk8vA==

supports-color@^5.3.0:
  version "5.5.0"
  resolved "https://registry.yarnpkg.com/supports-color/-/supports-color-5.5.0.tgz#e2e69a44ac8772f78a1ec0b35b689df6530efc8f"
  integrity sha512-QjVjwdXIt408MIiAqCX4oUKsgU2EqAGzs2Ppkm4aQYbjm+ZEWEcW4SfFNTr4uMNZma0ey4f5lgLrkB0aX0QMow==
  dependencies:
    has-flag "^3.0.0"

supports-preserve-symlinks-flag@^1.0.0:
  version "1.0.0"
  resolved "https://registry.yarnpkg.com/supports-preserve-symlinks-flag/-/supports-preserve-symlinks-flag-1.0.0.tgz#6eda4bd344a3c94aea376d4cc31bc77311039e09"
  integrity sha512-ot0WnXS9fgdkgIcePe6RHNk1WA8+muPa6cSjeR3V8K27q9BB1rTE3R1p7Hv0z1ZyAc8s6Vvv8DIyWf681MAt0w==

types-package-json@^2.0.39:
  version "2.0.39"
  resolved "https://registry.yarnpkg.com/types-package-json/-/types-package-json-2.0.39.tgz#940466c69674a42c2453c54a8d5735a2ffb31d47"
  integrity sha512-c8ua5W1Uu6x7LAwtwSGCl46cHmj+r2eAA+lXR1CluIZotu9V03ZHcGB9wKRZE2oIAX5IzMP/rxDV9g9ikCg9Nw==

typescript-paths@^1.5.1:
  version "1.5.1"
  resolved "https://registry.yarnpkg.com/typescript-paths/-/typescript-paths-1.5.1.tgz#975cf5883915b24f9287315a8fa70b3b3451e32e"
  integrity sha512-lYErSLCON2MSplVV5V/LBgD4UNjMgY3guATdFCZY2q1Nr6OZEu4q6zX/rYMsG1TaWqqQSszg6C9EU7AGWMDrIw==

"typescript@^2.9.2 || ^3.0.0 || ^4.0.0":
  version "4.9.5"
  resolved "https://registry.yarnpkg.com/typescript/-/typescript-4.9.5.tgz#095979f9bcc0d09da324d58d03ce8f8374cbe65a"
  integrity sha512-1FXk9E2Hm+QzZQ7z+McJiHL4NW1F2EzMu9Nq9i3zAaGqibafqYwCVU6WyWAuyQRRzOlxou8xZSyXLEN8oKj24g==

typescript@^5.2.2:
  version "5.2.2"
  resolved "https://registry.yarnpkg.com/typescript/-/typescript-5.2.2.tgz#5ebb5e5a5b75f085f22bc3f8460fba308310fa78"
  integrity sha512-mI4WrpHsbCIcwT9cF4FZvr80QUeKvsUsUvKDoR+X/7XHQH98xYD8YHZg7ANtz2GtZt/CBq2QJ0thkGJMHfqc1w==

uglify-js@^3.5.1:
  version "3.17.4"
  resolved "https://registry.yarnpkg.com/uglify-js/-/uglify-js-3.17.4.tgz#61678cf5fa3f5b7eb789bb345df29afb8257c22c"
  integrity sha512-T9q82TJI9e/C1TAxYvfb16xO120tMVFZrGA3f9/P4424DNu6ypK103y0GPFVa17yotwSyZW5iYXgjYHkGrJW/g==

undici-types@~5.25.1:
  version "5.25.3"
  resolved "https://registry.yarnpkg.com/undici-types/-/undici-types-5.25.3.tgz#e044115914c85f0bcbb229f346ab739f064998c3"
  integrity sha512-Ga1jfYwRn7+cP9v8auvEXN1rX3sWqlayd4HP7OKk4mZWylEmu3KzXDUGrQUN6Ol7qo1gPvB2e5gX6udnyEPgdA==

upper-case@^1.1.1:
  version "1.1.3"
  resolved "https://registry.yarnpkg.com/upper-case/-/upper-case-1.1.3.tgz#f6b4501c2ec4cdd26ba78be7222961de77621598"
  integrity sha512-WRbjgmYzgXkCV7zNVpy5YgrHgbBv126rMALQQMrmzOVC4GM2waQ9x7xtm8VU+1yF2kWyPzI9zbZ48n4vSxwfSA==

wrappy@1:
  version "1.0.2"
  resolved "https://registry.yarnpkg.com/wrappy/-/wrappy-1.0.2.tgz#b5243d8f3ec1aa35f1364605bc0d1036e30ab69f"
  integrity sha512-l4Sp/DRseor9wL6EvV2+TuQn63dMkPjZ/sp9XkghTEbV9KlPS1xUsZ3u7/IQO4wxtcFB4bgpQPRcR3QCvezPcQ==
